
Microsoft Visual Studio Solution File, Format Version 12.00
# Visual Studio Version 17
VisualStudioVersion = 17.7.34202.233
MinimumVisualStudioVersion = 10.0.40219.1
Project("{FAE04EC0-301F-11D3-BF4B-00C04F79EFBC}") = "ConsoleApp1", "ConsoleApp1\ConsoleApp1.csproj", "{EE6DAAD5-1AEB-4091-BF2F-7FB3B6E12636}"
EndProject
Global
	GlobalSection(SolutionConfigurationPlatforms) = preSolution
		Debug|Any CPU = Debug|Any CPU
		Release|Any CPU = Release|Any CPU
	EndGlobalSection
	GlobalSection(ProjectConfigurationPlatforms) = postSolution
		{EE6DAAD5-1AEB-4091-BF2F-7FB3B6E12636}.Debug|Any CPU.ActiveCfg = Debug|Any CPU
		{EE6DAAD5-1AEB-4091-BF2F-7FB3B6E12636}.Debug|Any CPU.Build.0 = Debug|Any CPU
		{EE6DAAD5-1AEB-4091-BF2F-7FB3B6E12636}.Release|Any CPU.ActiveCfg = Release|Any CPU
		{EE6DAAD5-1AEB-4091-BF2F-7FB3B6E12636}.Release|Any CPU.Build.0 = Release|Any CPU
	EndGlobalSection
	GlobalSection(SolutionProperties) = preSolution
		HideSolutionNode = FALSE
	EndGlobalSection
	GlobalSection(ExtensibilityGlobals) = postSolution
		SolutionGuid = {FE5B5E06-979F-4B01-B0A2-B5CA90FD8E10}
	EndGlobalSection
EndGlobal
