
Microsoft Visual Studio Solution File, Format Version 12.00
# Visual Studio Version 17
VisualStudioVersion = 17.7.34031.279
MinimumVisualStudioVersion = 10.0.40219.1
Project("{FAE04EC0-301F-11D3-BF4B-00C04F79EFBC}") = "280923zadanie3", "280923zadanie3\280923zadanie3.csproj", "{69920DE0-6E41-436C-AB5C-35DE9FE98C3E}"
EndProject
Global
	GlobalSection(SolutionConfigurationPlatforms) = preSolution
		Debug|Any CPU = Debug|Any CPU
		Release|Any CPU = Release|Any CPU
	EndGlobalSection
	GlobalSection(ProjectConfigurationPlatforms) = postSolution
		{69920DE0-6E41-436C-AB5C-35DE9FE98C3E}.Debug|Any CPU.ActiveCfg = Debug|Any CPU
		{69920DE0-6E41-436C-AB5C-35DE9FE98C3E}.Debug|Any CPU.Build.0 = Debug|Any CPU
		{69920DE0-6E41-436C-AB5C-35DE9FE98C3E}.Release|Any CPU.ActiveCfg = Release|Any CPU
		{69920DE0-6E41-436C-AB5C-35DE9FE98C3E}.Release|Any CPU.Build.0 = Release|Any CPU
	EndGlobalSection
	GlobalSection(SolutionProperties) = preSolution
		HideSolutionNode = FALSE
	EndGlobalSection
	GlobalSection(ExtensibilityGlobals) = postSolution
		SolutionGuid = {AC7C32C2-BF9F-4253-895E-FF7B6B2175AA}
	EndGlobalSection
EndGlobal
